// !$*UTF8*$!
{
  archiveVersion = 1;
  classes = {};
  objectVersion = 56;
  objects = {

/* Begin PBXBuildFile section */
  AA0200010000000000000001 /* TodoListApp.swift in Sources */ = {isa = PBXBuildFile; fileRef = AA0100010000000000000001 /* TodoListApp.swift */; };
  AA0200020000000000000001 /* TodoListView.swift in Sources */ = {isa = PBXBuildFile; fileRef = AA0100020000000000000001 /* TodoListView.swift */; };
  AA0200030000000000000001 /* TodoDetailScene.swift in Sources */ = {isa = PBXBuildFile; fileRef = AA0100030000000000000001 /* TodoDetailScene.swift */; };
  AA0200040000000000000001 /* LanguageManager.swift in Sources */ = {isa = PBXBuildFile; fileRef = AA0100040000000000000001 /* LanguageManager.swift */; };
  AA0200050000000000000001 /* LocalizedText.swift in Sources */ = {isa = PBXBuildFile; fileRef = AA0100050000000000000001 /* LocalizedText.swift */; };
  AA0200060000000000000001 /* DependencyContainer.swift in Sources */ = {isa = PBXBuildFile; fileRef = AA0100060000000000000001 /* DependencyContainer.swift */; };
  AA0200070000000000000001 /* TodoDetailViewModel.swift in Sources */ = {isa = PBXBuildFile; fileRef = AA0100070000000000000001 /* TodoDetailViewModel.swift */; };
  AA0200080000000000000001 /* TodoListViewModel.swift in Sources */ = {isa = PBXBuildFile; fileRef = AA0100080000000000000001 /* TodoListViewModel.swift */; };
  AA0200090000000000000001 /* TodoStatus+Presentation.swift in Sources */ = {isa = PBXBuildFile; fileRef = AA0100090000000000000001 /* TodoStatus+Presentation.swift */; };
  AA02000A0000000000000001 /* TodoItem.swift in Sources */ = {isa = PBXBuildFile; fileRef = AA01000A0000000000000001 /* TodoItem.swift */; };
  AA02000B0000000000000001 /* TodoRepository.swift in Sources */ = {isa = PBXBuildFile; fileRef = AA01000B0000000000000001 /* TodoRepository.swift */; };
  AA02000C0000000000000001 /* SaveTodoUseCase.swift in Sources */ = {isa = PBXBuildFile; fileRef = AA01000C0000000000000001 /* SaveTodoUseCase.swift */; };
  AA02000D0000000000000001 /* FetchTodosUseCase.swift in Sources */ = {isa = PBXBuildFile; fileRef = AA01000D0000000000000001 /* FetchTodosUseCase.swift */; };
  AA02000E0000000000000001 /* GetTodoDetailUseCase.swift in Sources */ = {isa = PBXBuildFile; fileRef = AA01000E0000000000000001 /* GetTodoDetailUseCase.swift */; };
  AA02000F0000000000000001 /* DeleteTodoUseCase.swift in Sources */ = {isa = PBXBuildFile; fileRef = AA01000F0000000000000001 /* DeleteTodoUseCase.swift */; };
  AA0200100000000000000001 /* LocalTodoDataSource.swift in Sources */ = {isa = PBXBuildFile; fileRef = AA0100100000000000000001 /* LocalTodoDataSource.swift */; };
  AA0200110000000000000001 /* TodoRepositoryImpl.swift in Sources */ = {isa = PBXBuildFile; fileRef = AA0100110000000000000001 /* TodoRepositoryImpl.swift */; };
  AA0200120000000000000001 /* TodoEntity.swift in Sources */ = {isa = PBXBuildFile; fileRef = AA0100120000000000000001 /* TodoEntity.swift */; };
  AA0200130000000000000001 /* LaunchScreen.storyboard in Resources */ = {isa = PBXBuildFile; fileRef = AA0100130000000000000001 /* LaunchScreen.storyboard */; };
  AA0200140000000000000001 /* Localizable.strings in Resources */ = {isa = PBXBuildFile; fileRef = AA0400010000000000000001 /* Localizable.strings */; };
  AA0200150000000000000001 /* Assets.xcassets in Resources */ = {isa = PBXBuildFile; fileRef = AA0100150000000000000001 /* Assets.xcassets */; };
  AA0201010000000000000001 /* TestDoubles.swift in Sources */ = {isa = PBXBuildFile; fileRef = AA0101010000000000000001 /* TestDoubles.swift */; };
  AA0201020000000000000001 /* LocalTodoDataSourceTests.swift in Sources */ = {isa = PBXBuildFile; fileRef = AA0101020000000000000001 /* LocalTodoDataSourceTests.swift */; };
  AA0201030000000000000001 /* UseCaseTests.swift in Sources */ = {isa = PBXBuildFile; fileRef = AA0101030000000000000001 /* UseCaseTests.swift */; };
  AA0201040000000000000001 /* TodoListViewModelTests.swift in Sources */ = {isa = PBXBuildFile; fileRef = AA0101040000000000000001 /* TodoListViewModelTests.swift */; };
  AA0201050000000000000001 /* TodoDetailViewModelTests.swift in Sources */ = {isa = PBXBuildFile; fileRef = AA0101050000000000000001 /* TodoDetailViewModelTests.swift */; };
/* End PBXBuildFile section */

/* Begin PBXContainerItemProxy section */
  AA0500010000000000000001 /* PBXContainerItemProxy */ = {
    isa = PBXContainerItemProxy;
    containerPortal = AA0300010000000000000001 /* Project object */;
    proxyType = 1;
    remoteGlobalIDString = AA0600010000000000000001;
    remoteInfo = TodoListApp;
  };
/* End PBXContainerItemProxy section */

/* Begin PBXFileReference section */
  AA0100010000000000000001 /* TodoListApp.swift */ = {isa = PBXFileReference; lastKnownFileType = sourcecode.swift; path = src/presentation/views/TodoListApp.swift; sourceTree = "<group>"; };
  AA0100020000000000000001 /* TodoListView.swift */ = {isa = PBXFileReference; lastKnownFileType = sourcecode.swift; path = src/presentation/views/TodoListView.swift; sourceTree = "<group>"; };
  AA0100030000000000000001 /* TodoDetailScene.swift */ = {isa = PBXFileReference; lastKnownFileType = sourcecode.swift; path = src/presentation/views/TodoDetailScene.swift; sourceTree = "<group>"; };
  AA0100040000000000000001 /* LanguageManager.swift */ = {isa = PBXFileReference; lastKnownFileType = sourcecode.swift; path = src/presentation/localization/LanguageManager.swift; sourceTree = "<group>"; };
  AA0100050000000000000001 /* LocalizedText.swift */ = {isa = PBXFileReference; lastKnownFileType = sourcecode.swift; path = src/presentation/localization/LocalizedText.swift; sourceTree = "<group>"; };
  AA0100060000000000000001 /* DependencyContainer.swift */ = {isa = PBXFileReference; lastKnownFileType = sourcecode.swift; path = src/presentation/navigation/DependencyContainer.swift; sourceTree = "<group>"; };
  AA0100070000000000000001 /* TodoDetailViewModel.swift */ = {isa = PBXFileReference; lastKnownFileType = sourcecode.swift; path = src/presentation/viewmodels/TodoDetailViewModel.swift; sourceTree = "<group>"; };
  AA0100080000000000000001 /* TodoListViewModel.swift */ = {isa = PBXFileReference; lastKnownFileType = sourcecode.swift; path = src/presentation/viewmodels/TodoListViewModel.swift; sourceTree = "<group>"; };
  AA0100090000000000000001 /* TodoStatus+Presentation.swift */ = {isa = PBXFileReference; lastKnownFileType = sourcecode.swift; path = src/presentation/viewmodels/TodoStatus+Presentation.swift; sourceTree = "<group>"; };
  AA01000A0000000000000001 /* TodoItem.swift */ = {isa = PBXFileReference; lastKnownFileType = sourcecode.swift; path = src/domain/models/TodoItem.swift; sourceTree = "<group>"; };
  AA01000B0000000000000001 /* TodoRepository.swift */ = {isa = PBXFileReference; lastKnownFileType = sourcecode.swift; path = src/domain/repositories/TodoRepository.swift; sourceTree = "<group>"; };
  AA01000C0000000000000001 /* SaveTodoUseCase.swift */ = {isa = PBXFileReference; lastKnownFileType = sourcecode.swift; path = src/domain/usecases/SaveTodoUseCase.swift; sourceTree = "<group>"; };
  AA01000D0000000000000001 /* FetchTodosUseCase.swift */ = {isa = PBXFileReference; lastKnownFileType = sourcecode.swift; path = src/domain/usecases/FetchTodosUseCase.swift; sourceTree = "<group>"; };
  AA01000E0000000000000001 /* GetTodoDetailUseCase.swift */ = {isa = PBXFileReference; lastKnownFileType = sourcecode.swift; path = src/domain/usecases/GetTodoDetailUseCase.swift; sourceTree = "<group>"; };
  AA01000F0000000000000001 /* DeleteTodoUseCase.swift */ = {isa = PBXFileReference; lastKnownFileType = sourcecode.swift; path = src/domain/usecases/DeleteTodoUseCase.swift; sourceTree = "<group>"; };
  AA0100100000000000000001 /* LocalTodoDataSource.swift */ = {isa = PBXFileReference; lastKnownFileType = sourcecode.swift; path = src/data/datasources/LocalTodoDataSource.swift; sourceTree = "<group>"; };
  AA0100110000000000000001 /* TodoRepositoryImpl.swift */ = {isa = PBXFileReference; lastKnownFileType = sourcecode.swift; path = src/data/repositories/TodoRepositoryImpl.swift; sourceTree = "<group>"; };
  AA0100120000000000000001 /* TodoEntity.swift */ = {isa = PBXFileReference; lastKnownFileType = sourcecode.swift; path = src/data/entities/TodoEntity.swift; sourceTree = "<group>"; };
  AA0100130000000000000001 /* LaunchScreen.storyboard */ = {isa = PBXFileReference; lastKnownFileType = file.storyboard; path = Resources/Base.lproj/LaunchScreen.storyboard; sourceTree = "<group>"; };
  AA0100140000000000000001 /* en */ = {isa = PBXFileReference; lastKnownFileType = text.plist.strings; name = en; path = Resources/en.lproj/Localizable.strings; sourceTree = "<group>"; };
  AA0100140000000000000002 /* es */ = {isa = PBXFileReference; lastKnownFileType = text.plist.strings; name = es; path = Resources/es.lproj/Localizable.strings; sourceTree = "<group>"; };
  AA0100150000000000000001 /* Assets.xcassets */ = {isa = PBXFileReference; lastKnownFileType = folder.assetcatalog; path = Resources/Assets.xcassets; sourceTree = "<group>"; };
  AA0100160000000000000001 /* Info.plist */ = {isa = PBXFileReference; lastKnownFileType = text.plist.xml; path = TodoListApp/Info.plist; sourceTree = "<group>"; };
  AA0100170000000000000001 /* TodoListApp.app */ = {isa = PBXFileReference; explicitFileType = wrapper.application; includeInIndex = 0; path = TodoListApp.app; sourceTree = BUILT_PRODUCTS_DIR; };
  AA0101010000000000000001 /* TestDoubles.swift */ = {isa = PBXFileReference; lastKnownFileType = sourcecode.swift; path = TodoListAppTests/TestDoubles.swift; sourceTree = "<group>"; };
  AA0101020000000000000001 /* LocalTodoDataSourceTests.swift */ = {isa = PBXFileReference; lastKnownFileType = sourcecode.swift; path = TodoListAppTests/LocalTodoDataSourceTests.swift; sourceTree = "<group>"; };
  AA0101030000000000000001 /* UseCaseTests.swift */ = {isa = PBXFileReference; lastKnownFileType = sourcecode.swift; path = TodoListAppTests/UseCaseTests.swift; sourceTree = "<group>"; };
  AA0101040000000000000001 /* TodoListViewModelTests.swift */ = {isa = PBXFileReference; lastKnownFileType = sourcecode.swift; path = TodoListAppTests/TodoListViewModelTests.swift; sourceTree = "<group>"; };
  AA0101050000000000000001 /* TodoDetailViewModelTests.swift */ = {isa = PBXFileReference; lastKnownFileType = sourcecode.swift; path = TodoListAppTests/TodoDetailViewModelTests.swift; sourceTree = "<group>"; };
  AA0101060000000000000001 /* Info.plist */ = {isa = PBXFileReference; lastKnownFileType = text.plist.xml; path = TodoListAppTests/Info.plist; sourceTree = "<group>"; };
  AA0101070000000000000001 /* TodoListAppTests.xctest */ = {isa = PBXFileReference; explicitFileType = wrapper.cfbundle; includeInIndex = 0; path = TodoListAppTests.xctest; sourceTree = BUILT_PRODUCTS_DIR; };
/* End PBXFileReference section */

/* Begin PBXFrameworksBuildPhase section */
  AA0700010000000000000001 /* Frameworks */ = {isa = PBXFrameworksBuildPhase; buildActionMask = 2147483647; files = ( ); runOnlyForDeploymentPostprocessing = 0; };
  AA0700020000000000000001 /* Frameworks */ = {isa = PBXFrameworksBuildPhase; buildActionMask = 2147483647; files = ( ); runOnlyForDeploymentPostprocessing = 0; };
/* End PBXFrameworksBuildPhase section */

/* Begin PBXGroup section */
  AA0300000000000000000001 = {isa = PBXGroup; children = (
      AA0300020000000000000001 /* TodoListApp */,
      AA0300030000000000000001 /* TodoListAppTests */,
      AA0300040000000000000001 /* Products */
    ); sourceTree = "<group>"; };
  AA0300020000000000000001 /* TodoListApp */ = {isa = PBXGroup; children = (
      AA0300100000000000000001 /* Sources */,
      AA0300200000000000000001 /* Resources */,
      AA0100160000000000000001 /* Info.plist */
    ); path = TodoListApp; sourceTree = "<group>"; };
  AA0300030000000000000001 /* TodoListAppTests */ = {isa = PBXGroup; children = (
      AA0101010000000000000001 /* TestDoubles.swift */,
      AA0101020000000000000001 /* LocalTodoDataSourceTests.swift */,
      AA0101030000000000000001 /* UseCaseTests.swift */,
      AA0101040000000000000001 /* TodoListViewModelTests.swift */,
      AA0101050000000000000001 /* TodoDetailViewModelTests.swift */,
      AA0101060000000000000001 /* Info.plist */
    ); path = TodoListAppTests; sourceTree = "<group>"; };
  AA0300040000000000000001 /* Products */ = {isa = PBXGroup; children = (
      AA0100170000000000000001 /* TodoListApp.app */,
      AA0101070000000000000001 /* TodoListAppTests.xctest */
    ); name = Products; sourceTree = "<group>"; };
  AA0300100000000000000001 /* Sources */ = {isa = PBXGroup; children = (
      AA0300110000000000000001 /* Data */,
      AA0300140000000000000001 /* Domain */,
      AA0300170000000000000001 /* Presentation */
    ); sourceTree = "<group>"; };
  AA0300110000000000000001 /* Data */ = {isa = PBXGroup; children = (
      AA0300120000000000000001 /* Datasources */,
      AA0300130000000000000001 /* Entities */,
      AA0300180000000000000001 /* Repositories */
    ); name = Data; sourceTree = "<group>"; };
  AA0300120000000000000001 /* Datasources */ = {isa = PBXGroup; children = (
      AA0100100000000000000001 /* LocalTodoDataSource.swift */
    ); name = Datasources; sourceTree = "<group>"; };
  AA0300130000000000000001 /* Entities */ = {isa = PBXGroup; children = (
      AA0100120000000000000001 /* TodoEntity.swift */
    ); name = Entities; sourceTree = "<group>"; };
  AA0300180000000000000001 /* Repositories */ = {isa = PBXGroup; children = (
      AA0100110000000000000001 /* TodoRepositoryImpl.swift */
    ); name = Repositories; sourceTree = "<group>"; };
  AA0300140000000000000001 /* Domain */ = {isa = PBXGroup; children = (
      AA0300150000000000000001 /* Models */,
      AA0300160000000000000001 /* Repositories */,
      AA0300190000000000000001 /* Usecases */
    ); name = Domain; sourceTree = "<group>"; };
  AA0300150000000000000001 /* Models */ = {isa = PBXGroup; children = (
      AA01000A0000000000000001 /* TodoItem.swift */
    ); name = Models; sourceTree = "<group>"; };
  AA0300160000000000000001 /* Repositories */ = {isa = PBXGroup; children = (
      AA01000B0000000000000001 /* TodoRepository.swift */
    ); name = Repositories; sourceTree = "<group>"; };
  AA0300190000000000000001 /* Usecases */ = {isa = PBXGroup; children = (
      AA01000C0000000000000001 /* SaveTodoUseCase.swift */,
      AA01000D0000000000000001 /* FetchTodosUseCase.swift */,
      AA01000E0000000000000001 /* GetTodoDetailUseCase.swift */,
      AA01000F0000000000000001 /* DeleteTodoUseCase.swift */
    ); name = Usecases; sourceTree = "<group>"; };
  AA0300170000000000000001 /* Presentation */ = {isa = PBXGroup; children = (
      AA03001A0000000000000001 /* Views */,
      AA03001B0000000000000001 /* ViewModels */,
      AA03001C0000000000000001 /* Localization */,
      AA03001D0000000000000001 /* Navigation */
    ); name = Presentation; sourceTree = "<group>"; };
  AA03001A0000000000000001 /* Views */ = {isa = PBXGroup; children = (
      AA0100010000000000000001 /* TodoListApp.swift */,
      AA0100020000000000000001 /* TodoListView.swift */,
      AA0100030000000000000001 /* TodoDetailScene.swift */
    ); name = Views; sourceTree = "<group>"; };
  AA03001B0000000000000001 /* ViewModels */ = {isa = PBXGroup; children = (
      AA0100070000000000000001 /* TodoDetailViewModel.swift */,
      AA0100080000000000000001 /* TodoListViewModel.swift */,
      AA0100090000000000000001 /* TodoStatus+Presentation.swift */
    ); name = ViewModels; sourceTree = "<group>"; };
  AA03001C0000000000000001 /* Localization */ = {isa = PBXGroup; children = (
      AA0100040000000000000001 /* LanguageManager.swift */,
      AA0100050000000000000001 /* LocalizedText.swift */,
      AA0400010000000000000001 /* Localizable.strings */
    ); name = Localization; sourceTree = "<group>"; };
  AA03001D0000000000000001 /* Navigation */ = {isa = PBXGroup; children = (
      AA0100060000000000000001 /* DependencyContainer.swift */
    ); name = Navigation; sourceTree = "<group>"; };
  AA0300200000000000000001 /* Resources */ = {isa = PBXGroup; children = (
      AA0100130000000000000001 /* LaunchScreen.storyboard */,
      AA0100150000000000000001 /* Assets.xcassets */
    ); name = Resources; sourceTree = "<group>"; };
/* End PBXGroup section */

/* Begin PBXNativeTarget section */
  AA0600010000000000000001 /* TodoListApp */ = {
    isa = PBXNativeTarget;
    buildConfigurationList = AA0A00010000000000000001 /* Build configuration list for PBXNativeTarget "TodoListApp" */;
    buildPhases = (
      AA0800010000000000000001 /* Sources */,
      AA0700010000000000000001 /* Frameworks */,
      AA0900010000000000000001 /* Resources */
    );
    buildRules = ( );
    dependencies = ( );
    name = TodoListApp;
    productName = TodoListApp;
    productReference = AA0100170000000000000001 /* TodoListApp.app */;
    productType = "com.apple.product-type.application";
  };
  AA0600020000000000000001 /* TodoListAppTests */ = {
    isa = PBXNativeTarget;
    buildConfigurationList = AA0A00020000000000000001 /* Build configuration list for PBXNativeTarget "TodoListAppTests" */;
    buildPhases = (
      AA0800020000000000000001 /* Sources */,
      AA0700020000000000000001 /* Frameworks */,
      AA0900020000000000000001 /* Resources */
    );
    buildRules = ( );
    dependencies = (
      AA0500020000000000000001 /* PBXTargetDependency */
    );
    name = TodoListAppTests;
    productName = TodoListAppTests;
    productReference = AA0101070000000000000001 /* TodoListAppTests.xctest */;
    productType = "com.apple.product-type.bundle.unit-test";
  };
/* End PBXNativeTarget section */

/* Begin PBXProject section */
  AA0300010000000000000001 /* Project object */ = {
    isa = PBXProject;
    attributes = {
      LastSwiftUpdateCheck = 1400;
      LastUpgradeCheck = 1400;
      ORGANIZATIONNAME = "";
    };
    buildConfigurationList = AA0A00000000000000000001 /* Build configuration list for PBXProject "TodoListApp" */;
    compatibilityVersion = "Xcode 14.0";
    developmentRegion = en;
    hasScannedForEncodings = 0;
    knownRegions = (
      en,
      es,
      Base
    );
    mainGroup = AA0300000000000000000001;
    productRefGroup = AA0300040000000000000001 /* Products */;
    projectDirPath = "";
    projectRoot = "";
    targets = (
      AA0600010000000000000001 /* TodoListApp */,
      AA0600020000000000000001 /* TodoListAppTests */
    );
  };
/* End PBXProject section */

/* Begin PBXResourcesBuildPhase section */
  AA0900010000000000000001 /* Resources */ = {isa = PBXResourcesBuildPhase; buildActionMask = 2147483647; files = (
      AA0200130000000000000001 /* LaunchScreen.storyboard in Resources */,
      AA0200140000000000000001 /* Localizable.strings in Resources */,
      AA0200150000000000000001 /* Assets.xcassets in Resources */
    ); runOnlyForDeploymentPostprocessing = 0; };
  AA0900020000000000000001 /* Resources */ = {isa = PBXResourcesBuildPhase; buildActionMask = 2147483647; files = ( ); runOnlyForDeploymentPostprocessing = 0; };
/* End PBXResourcesBuildPhase section */

/* Begin PBXSourcesBuildPhase section */
  AA0800010000000000000001 /* Sources */ = {isa = PBXSourcesBuildPhase; buildActionMask = 2147483647; files = (
      AA0200010000000000000001 /* TodoListApp.swift in Sources */,
      AA0200020000000000000001 /* TodoListView.swift in Sources */,
      AA0200030000000000000001 /* TodoDetailScene.swift in Sources */,
      AA0200040000000000000001 /* LanguageManager.swift in Sources */,
      AA0200050000000000000001 /* LocalizedText.swift in Sources */,
      AA0200060000000000000001 /* DependencyContainer.swift in Sources */,
      AA0200070000000000000001 /* TodoDetailViewModel.swift in Sources */,
      AA0200080000000000000001 /* TodoListViewModel.swift in Sources */,
      AA0200090000000000000001 /* TodoStatus+Presentation.swift in Sources */,
      AA02000A0000000000000001 /* TodoItem.swift in Sources */,
      AA02000B0000000000000001 /* TodoRepository.swift in Sources */,
      AA02000C0000000000000001 /* SaveTodoUseCase.swift in Sources */,
      AA02000D0000000000000001 /* FetchTodosUseCase.swift in Sources */,
      AA02000E0000000000000001 /* GetTodoDetailUseCase.swift in Sources */,
      AA02000F0000000000000001 /* DeleteTodoUseCase.swift in Sources */,
      AA0200100000000000000001 /* LocalTodoDataSource.swift in Sources */,
      AA0200110000000000000001 /* TodoRepositoryImpl.swift in Sources */,
      AA0200120000000000000001 /* TodoEntity.swift in Sources */
    ); runOnlyForDeploymentPostprocessing = 0; };
  AA0800020000000000000001 /* Sources */ = {isa = PBXSourcesBuildPhase; buildActionMask = 2147483647; files = (
      AA0201010000000000000001 /* TestDoubles.swift in Sources */,
      AA0201020000000000000001 /* LocalTodoDataSourceTests.swift in Sources */,
      AA0201030000000000000001 /* UseCaseTests.swift in Sources */,
      AA0201040000000000000001 /* TodoListViewModelTests.swift in Sources */,
      AA0201050000000000000001 /* TodoDetailViewModelTests.swift in Sources */
    ); runOnlyForDeploymentPostprocessing = 0; };
/* End PBXSourcesBuildPhase section */

/* Begin PBXTargetDependency section */
  AA0500020000000000000001 /* PBXTargetDependency */ = {
    isa = PBXTargetDependency;
    target = AA0600010000000000000001 /* TodoListApp */;
    targetProxy = AA0500010000000000000001 /* PBXContainerItemProxy */;
  };
/* End PBXTargetDependency section */

/* Begin PBXVariantGroup section */
  AA0400010000000000000001 /* Localizable.strings */ = {isa = PBXVariantGroup; children = (
      AA0100140000000000000001 /* en */,
      AA0100140000000000000002 /* es */
    ); name = Localizable.strings; sourceTree = "<group>"; };
/* End PBXVariantGroup section */

/* Begin XCBuildConfiguration section */
  AA0B00010000000000000001 /* Debug */ = {isa = XCBuildConfiguration; buildSettings = {
      ALWAYS_SEARCH_USER_PATHS = NO;
      CLANG_ANALYZER_NONNULL = YES;
      CLANG_ANALYZER_NUMBER_OBJECT_CONVERSION = YES_AGGRESSIVE;
      CLANG_CXX_LANGUAGE_STANDARD = "gnu++17";
      CLANG_ENABLE_MODULES = YES;
      CLANG_ENABLE_OBJC_ARC = YES;
      CLANG_WARN_BLOCK_CAPTURE_AUTORELEASING = YES;
      CLANG_WARN_BOOL_CONVERSION = YES;
      CLANG_WARN_COMMA = YES;
      CLANG_WARN_CONSTANT_CONVERSION = YES;
      CLANG_WARN_DEPRECATED_OBJC_IMPLEMENTATIONS = YES;
      CLANG_WARN_DIRECT_OBJC_ISA_USAGE = YES_ERROR;
      CLANG_WARN_DOCUMENTATION_COMMENTS = YES;
      CLANG_WARN_EMPTY_BODY = YES;
      CLANG_WARN_ENUM_CONVERSION = YES;
      CLANG_WARN_INFINITE_RECURSION = YES;
      CLANG_WARN_INT_CONVERSION = YES;
      CLANG_WARN_NON_LITERAL_NULL_CONVERSION = YES;
      CLANG_WARN_OBJC_IMPLICIT_RETAIN_SELF = YES;
      CLANG_WARN_OBJC_LITERAL_CONVERSION = YES;
      CLANG_WARN_QUOTED_INCLUDE_IN_FRAMEWORK_HEADER = YES;
      CLANG_WARN_RANGE_LOOP_ANALYSIS = YES;
      CLANG_WARN_STRICT_PROTOTYPES = YES;
      CLANG_WARN_SUSPICIOUS_MOVE = YES;
      CLANG_WARN_UNGUARDED_AVAILABILITY = YES_AGGRESSIVE;
      CODE_SIGN_STYLE = Automatic;
      COPY_PHASE_STRIP = NO;
      DEBUG_INFORMATION_FORMAT = dwarf;
      ENABLE_STRICT_OBJC_MSGSEND = YES;
      ENABLE_TESTABILITY = YES;
      GCC_C_LANGUAGE_STANDARD = gnu11;
      GCC_DYNAMIC_NO_PIC = NO;
      GCC_NO_COMMON_BLOCKS = YES;
      GCC_OPTIMIZATION_LEVEL = 0;
      GCC_PREPROCESSOR_DEFINITIONS = (
        "DEBUG=1",
        "$(inherited)"
      );
      GCC_WARN_64_TO_32_BIT_CONVERSION = YES;
      GCC_WARN_ABOUT_RETURN_TYPE = YES_ERROR;
      GCC_WARN_UNDECLARED_SELECTOR = YES;
      GCC_WARN_UNINITIALIZED_AUTOS = YES_AGGRESSIVE;
      GCC_WARN_UNUSED_FUNCTION = YES;
      GCC_WARN_UNUSED_VARIABLE = YES;
      IPHONEOS_DEPLOYMENT_TARGET = 15.0;
      MTL_ENABLE_DEBUG_INFO = INCLUDE_SOURCE;
      ONLY_ACTIVE_ARCH = YES;
      SDKROOT = iphoneos;
      SWIFT_ACTIVE_COMPILATION_CONDITIONS = DEBUG;
      SWIFT_OPTIMIZATION_LEVEL = "-Onone";
    }; name = Debug; };
  AA0B00020000000000000001 /* Release */ = {isa = XCBuildConfiguration; buildSettings = {
      ALWAYS_SEARCH_USER_PATHS = NO;
      CLANG_ANALYZER_NONNULL = YES;
      CLANG_ANALYZER_NUMBER_OBJECT_CONVERSION = YES_AGGRESSIVE;
      CLANG_CXX_LANGUAGE_STANDARD = "gnu++17";
      CLANG_ENABLE_MODULES = YES;
      CLANG_ENABLE_OBJC_ARC = YES;
      CLANG_WARN_BLOCK_CAPTURE_AUTORELEASING = YES;
      CLANG_WARN_BOOL_CONVERSION = YES;
      CLANG_WARN_COMMA = YES;
      CLANG_WARN_CONSTANT_CONVERSION = YES;
      CLANG_WARN_DEPRECATED_OBJC_IMPLEMENTATIONS = YES;
      CLANG_WARN_DIRECT_OBJC_ISA_USAGE = YES_ERROR;
      CLANG_WARN_DOCUMENTATION_COMMENTS = YES;
      CLANG_WARN_EMPTY_BODY = YES;
      CLANG_WARN_ENUM_CONVERSION = YES;
      CLANG_WARN_INFINITE_RECURSION = YES;
      CLANG_WARN_INT_CONVERSION = YES;
      CLANG_WARN_NON_LITERAL_NULL_CONVERSION = YES;
      CLANG_WARN_OBJC_IMPLICIT_RETAIN_SELF = YES;
      CLANG_WARN_OBJC_LITERAL_CONVERSION = YES;
      CLANG_WARN_QUOTED_INCLUDE_IN_FRAMEWORK_HEADER = YES;
      CLANG_WARN_RANGE_LOOP_ANALYSIS = YES;
      CLANG_WARN_STRICT_PROTOTYPES = YES;
      CLANG_WARN_SUSPICIOUS_MOVE = YES;
      CLANG_WARN_UNGUARDED_AVAILABILITY = YES_AGGRESSIVE;
      CODE_SIGN_STYLE = Automatic;
      COPY_PHASE_STRIP = NO;
      DEBUG_INFORMATION_FORMAT = dwarf;
      ENABLE_NS_ASSERTIONS = NO;
      ENABLE_STRICT_OBJC_MSGSEND = YES;
      GCC_C_LANGUAGE_STANDARD = gnu11;
      GCC_NO_COMMON_BLOCKS = YES;
      GCC_WARN_64_TO_32_BIT_CONVERSION = YES;
      GCC_WARN_ABOUT_RETURN_TYPE = YES_ERROR;
      GCC_WARN_UNDECLARED_SELECTOR = YES;
      GCC_WARN_UNINITIALIZED_AUTOS = YES_AGGRESSIVE;
      GCC_WARN_UNUSED_FUNCTION = YES;
      GCC_WARN_UNUSED_VARIABLE = YES;
      IPHONEOS_DEPLOYMENT_TARGET = 15.0;
      MTL_ENABLE_DEBUG_INFO = NO;
      SDKROOT = iphoneos;
      SWIFT_COMPILATION_MODE = wholemodule;
      SWIFT_OPTIMIZATION_LEVEL = "-O";
    }; name = Release; };
  AA0B00030000000000000001 /* Debug */ = {isa = XCBuildConfiguration; buildSettings = {
      ASSETCATALOG_COMPILER_APPICON_NAME = AppIcon;
      CODE_SIGN_STYLE = Automatic;
      DEVELOPMENT_TEAM = "";
      INFOPLIST_FILE = TodoListApp/Info.plist;
      IPHONEOS_DEPLOYMENT_TARGET = 15.0;
      LD_RUNPATH_SEARCH_PATHS = ( "$(inherited)", "@executable_path/Frameworks" );
      PRODUCT_BUNDLE_IDENTIFIER = org.example.TodoListApp;
      PRODUCT_NAME = "$(TARGET_NAME)";
      SWIFT_EMIT_LOC_STRINGS = YES;
      SWIFT_VERSION = 5.0;
      TARGETED_DEVICE_FAMILY = "1,2";
    }; name = Debug; };
  AA0B00040000000000000001 /* Release */ = {isa = XCBuildConfiguration; buildSettings = {
      ASSETCATALOG_COMPILER_APPICON_NAME = AppIcon;
      CODE_SIGN_STYLE = Automatic;
      DEVELOPMENT_TEAM = "";
      INFOPLIST_FILE = TodoListApp/Info.plist;
      IPHONEOS_DEPLOYMENT_TARGET = 15.0;
      LD_RUNPATH_SEARCH_PATHS = ( "$(inherited)", "@executable_path/Frameworks" );
      PRODUCT_BUNDLE_IDENTIFIER = org.example.TodoListApp;
      PRODUCT_NAME = "$(TARGET_NAME)";
      SWIFT_EMIT_LOC_STRINGS = YES;
      SWIFT_VERSION = 5.0;
      TARGETED_DEVICE_FAMILY = "1,2";
    }; name = Release; };
  AA0B00050000000000000001 /* Debug */ = {isa = XCBuildConfiguration; buildSettings = {
      CODE_SIGN_STYLE = Automatic;
      DEVELOPMENT_TEAM = "";
      INFOPLIST_FILE = TodoListAppTests/Info.plist;
      IPHONEOS_DEPLOYMENT_TARGET = 15.0;
      LD_RUNPATH_SEARCH_PATHS = ( "$(inherited)", "@executable_path/Frameworks", "@loader_path/Frameworks" );
      PRODUCT_BUNDLE_IDENTIFIER = org.example.TodoListAppTests;
      PRODUCT_NAME = "$(TARGET_NAME)";
      SWIFT_VERSION = 5.0;
      TARGETED_DEVICE_FAMILY = "1,2";
    }; name = Debug; };
  AA0B00060000000000000001 /* Release */ = {isa = XCBuildConfiguration; buildSettings = {
      CODE_SIGN_STYLE = Automatic;
      DEVELOPMENT_TEAM = "";
      INFOPLIST_FILE = TodoListAppTests/Info.plist;
      IPHONEOS_DEPLOYMENT_TARGET = 15.0;
      LD_RUNPATH_SEARCH_PATHS = ( "$(inherited)", "@executable_path/Frameworks", "@loader_path/Frameworks" );
      PRODUCT_BUNDLE_IDENTIFIER = org.example.TodoListAppTests;
      PRODUCT_NAME = "$(TARGET_NAME)";
      SWIFT_VERSION = 5.0;
      TARGETED_DEVICE_FAMILY = "1,2";
    }; name = Release; };
/* End XCBuildConfiguration section */

/* Begin XCConfigurationList section */
  AA0A00000000000000000001 /* Build configuration list for PBXProject "TodoListApp" */ = {isa = XCConfigurationList; buildConfigurations = (
      AA0B00010000000000000001 /* Debug */,
      AA0B00020000000000000001 /* Release */
    ); defaultConfigurationIsVisible = 0; defaultConfigurationName = Release; };
  AA0A00010000000000000001 /* Build configuration list for PBXNativeTarget "TodoListApp" */ = {isa = XCConfigurationList; buildConfigurations = (
      AA0B00030000000000000001 /* Debug */,
      AA0B00040000000000000001 /* Release */
    ); defaultConfigurationIsVisible = 0; defaultConfigurationName = Release; };
  AA0A00020000000000000001 /* Build configuration list for PBXNativeTarget "TodoListAppTests" */ = {isa = XCConfigurationList; buildConfigurations = (
      AA0B00050000000000000001 /* Debug */,
      AA0B00060000000000000001 /* Release */
    ); defaultConfigurationIsVisible = 0; defaultConfigurationName = Release; };
/* End XCConfigurationList section */

  };
  rootObject = AA0300010000000000000001 /* Project object */;
}
